
Microsoft Visual Studio Solution File, Format Version 12.00
# Visual Studio Version 16
VisualStudioVersion = 16.0.31729.503
MinimumVisualStudioVersion = 10.0.40219.1
Project("{8BC9CEB8-8B4A-11D0-8D11-00A0C91BC942}") = "유기농배추", "유기농배추.vcxproj", "{2F180306-2693-4C35-A188-C7EA1C414D6F}"
EndProject
Global
	GlobalSection(SolutionConfigurationPlatforms) = preSolution
		Debug|x64 = Debug|x64
		Debug|x86 = Debug|x86
		Release|x64 = Release|x64
		Release|x86 = Release|x86
	EndGlobalSection
	GlobalSection(ProjectConfigurationPlatforms) = postSolution
		{2F180306-2693-4C35-A188-C7EA1C414D6F}.Debug|x64.ActiveCfg = Debug|x64
		{2F180306-2693-4C35-A188-C7EA1C414D6F}.Debug|x64.Build.0 = Debug|x64
		{2F180306-2693-4C35-A188-C7EA1C414D6F}.Debug|x86.ActiveCfg = Debug|Win32
		{2F180306-2693-4C35-A188-C7EA1C414D6F}.Debug|x86.Build.0 = Debug|Win32
		{2F180306-2693-4C35-A188-C7EA1C414D6F}.Release|x64.ActiveCfg = Release|x64
		{2F180306-2693-4C35-A188-C7EA1C414D6F}.Release|x64.Build.0 = Release|x64
		{2F180306-2693-4C35-A188-C7EA1C414D6F}.Release|x86.ActiveCfg = Release|Win32
		{2F180306-2693-4C35-A188-C7EA1C414D6F}.Release|x86.Build.0 = Release|Win32
	EndGlobalSection
	GlobalSection(SolutionProperties) = preSolution
		HideSolutionNode = FALSE
	EndGlobalSection
	GlobalSection(ExtensibilityGlobals) = postSolution
		SolutionGuid = {BB6E3545-E844-4BCE-821B-5D6579FB00E1}
	EndGlobalSection
EndGlobal
