
Microsoft Visual Studio Solution File, Format Version 12.00
# Visual Studio Version 16
VisualStudioVersion = 16.0.31019.35
MinimumVisualStudioVersion = 10.0.40219.1
Project("{8BC9CEB8-8B4A-11D0-8D11-00A0C91BC942}") = "1707", "1707\1707.vcxproj", "{DE0F5750-D186-4D8B-AD5C-415562DC6DD8}"
EndProject
Global
	GlobalSection(SolutionConfigurationPlatforms) = preSolution
		Debug|x64 = Debug|x64
		Debug|x86 = Debug|x86
		Release|x64 = Release|x64
		Release|x86 = Release|x86
	EndGlobalSection
	GlobalSection(ProjectConfigurationPlatforms) = postSolution
		{DE0F5750-D186-4D8B-AD5C-415562DC6DD8}.Debug|x64.ActiveCfg = Debug|x64
		{DE0F5750-D186-4D8B-AD5C-415562DC6DD8}.Debug|x64.Build.0 = Debug|x64
		{DE0F5750-D186-4D8B-AD5C-415562DC6DD8}.Debug|x86.ActiveCfg = Debug|Win32
		{DE0F5750-D186-4D8B-AD5C-415562DC6DD8}.Debug|x86.Build.0 = Debug|Win32
		{DE0F5750-D186-4D8B-AD5C-415562DC6DD8}.Release|x64.ActiveCfg = Release|x64
		{DE0F5750-D186-4D8B-AD5C-415562DC6DD8}.Release|x64.Build.0 = Release|x64
		{DE0F5750-D186-4D8B-AD5C-415562DC6DD8}.Release|x86.ActiveCfg = Release|Win32
		{DE0F5750-D186-4D8B-AD5C-415562DC6DD8}.Release|x86.Build.0 = Release|Win32
	EndGlobalSection
	GlobalSection(SolutionProperties) = preSolution
		HideSolutionNode = FALSE
	EndGlobalSection
	GlobalSection(ExtensibilityGlobals) = postSolution
		SolutionGuid = {2E167A15-C095-4D9B-BE7D-598FD5265C0E}
	EndGlobalSection
EndGlobal
