
Microsoft Visual Studio Solution File, Format Version 12.00
# Visual Studio Version 16
VisualStudioVersion = 16.0.31729.503
MinimumVisualStudioVersion = 10.0.40219.1
Project("{8BC9CEB8-8B4A-11D0-8D11-00A0C91BC942}") = "음양 더하기", "음양 더하기.vcxproj", "{229268BC-5509-48F3-BA06-A22521AC4342}"
EndProject
Global
	GlobalSection(SolutionConfigurationPlatforms) = preSolution
		Debug|x64 = Debug|x64
		Debug|x86 = Debug|x86
		Release|x64 = Release|x64
		Release|x86 = Release|x86
	EndGlobalSection
	GlobalSection(ProjectConfigurationPlatforms) = postSolution
		{229268BC-5509-48F3-BA06-A22521AC4342}.Debug|x64.ActiveCfg = Debug|x64
		{229268BC-5509-48F3-BA06-A22521AC4342}.Debug|x64.Build.0 = Debug|x64
		{229268BC-5509-48F3-BA06-A22521AC4342}.Debug|x86.ActiveCfg = Debug|Win32
		{229268BC-5509-48F3-BA06-A22521AC4342}.Debug|x86.Build.0 = Debug|Win32
		{229268BC-5509-48F3-BA06-A22521AC4342}.Release|x64.ActiveCfg = Release|x64
		{229268BC-5509-48F3-BA06-A22521AC4342}.Release|x64.Build.0 = Release|x64
		{229268BC-5509-48F3-BA06-A22521AC4342}.Release|x86.ActiveCfg = Release|Win32
		{229268BC-5509-48F3-BA06-A22521AC4342}.Release|x86.Build.0 = Release|Win32
	EndGlobalSection
	GlobalSection(SolutionProperties) = preSolution
		HideSolutionNode = FALSE
	EndGlobalSection
	GlobalSection(ExtensibilityGlobals) = postSolution
		SolutionGuid = {28A7E9AC-71D1-4807-AD6C-4EF35094A8A1}
	EndGlobalSection
EndGlobal
