
Microsoft Visual Studio Solution File, Format Version 12.00
# Visual Studio Version 17
VisualStudioVersion = 17.3.32922.545
MinimumVisualStudioVersion = 10.0.40219.1
Project("{8BC9CEB8-8B4A-11D0-8D11-00A0C91BC942}") = "수 묶기", "수 묶기\수 묶기.vcxproj", "{DC2CA0ED-82D0-40D7-95C5-C1936C775EC7}"
EndProject
Global
	GlobalSection(SolutionConfigurationPlatforms) = preSolution
		Debug|x64 = Debug|x64
		Debug|x86 = Debug|x86
		Release|x64 = Release|x64
		Release|x86 = Release|x86
	EndGlobalSection
	GlobalSection(ProjectConfigurationPlatforms) = postSolution
		{DC2CA0ED-82D0-40D7-95C5-C1936C775EC7}.Debug|x64.ActiveCfg = Debug|x64
		{DC2CA0ED-82D0-40D7-95C5-C1936C775EC7}.Debug|x64.Build.0 = Debug|x64
		{DC2CA0ED-82D0-40D7-95C5-C1936C775EC7}.Debug|x86.ActiveCfg = Debug|Win32
		{DC2CA0ED-82D0-40D7-95C5-C1936C775EC7}.Debug|x86.Build.0 = Debug|Win32
		{DC2CA0ED-82D0-40D7-95C5-C1936C775EC7}.Release|x64.ActiveCfg = Release|x64
		{DC2CA0ED-82D0-40D7-95C5-C1936C775EC7}.Release|x64.Build.0 = Release|x64
		{DC2CA0ED-82D0-40D7-95C5-C1936C775EC7}.Release|x86.ActiveCfg = Release|Win32
		{DC2CA0ED-82D0-40D7-95C5-C1936C775EC7}.Release|x86.Build.0 = Release|Win32
	EndGlobalSection
	GlobalSection(SolutionProperties) = preSolution
		HideSolutionNode = FALSE
	EndGlobalSection
	GlobalSection(ExtensibilityGlobals) = postSolution
		SolutionGuid = {F8550649-D79D-4A04-B72A-A3D70695F3D3}
	EndGlobalSection
EndGlobal
