
Microsoft Visual Studio Solution File, Format Version 12.00
# Visual Studio Version 17
VisualStudioVersion = 17.3.32922.545
MinimumVisualStudioVersion = 10.0.40219.1
Project("{8BC9CEB8-8B4A-11D0-8D11-00A0C91BC942}") = "주사위 굴리기", "주사위 굴리기\주사위 굴리기.vcxproj", "{AE1D43F7-F70A-497C-82D0-6AEB1EA33967}"
EndProject
Global
	GlobalSection(SolutionConfigurationPlatforms) = preSolution
		Debug|x64 = Debug|x64
		Debug|x86 = Debug|x86
		Release|x64 = Release|x64
		Release|x86 = Release|x86
	EndGlobalSection
	GlobalSection(ProjectConfigurationPlatforms) = postSolution
		{AE1D43F7-F70A-497C-82D0-6AEB1EA33967}.Debug|x64.ActiveCfg = Debug|x64
		{AE1D43F7-F70A-497C-82D0-6AEB1EA33967}.Debug|x64.Build.0 = Debug|x64
		{AE1D43F7-F70A-497C-82D0-6AEB1EA33967}.Debug|x86.ActiveCfg = Debug|Win32
		{AE1D43F7-F70A-497C-82D0-6AEB1EA33967}.Debug|x86.Build.0 = Debug|Win32
		{AE1D43F7-F70A-497C-82D0-6AEB1EA33967}.Release|x64.ActiveCfg = Release|x64
		{AE1D43F7-F70A-497C-82D0-6AEB1EA33967}.Release|x64.Build.0 = Release|x64
		{AE1D43F7-F70A-497C-82D0-6AEB1EA33967}.Release|x86.ActiveCfg = Release|Win32
		{AE1D43F7-F70A-497C-82D0-6AEB1EA33967}.Release|x86.Build.0 = Release|Win32
	EndGlobalSection
	GlobalSection(SolutionProperties) = preSolution
		HideSolutionNode = FALSE
	EndGlobalSection
	GlobalSection(ExtensibilityGlobals) = postSolution
		SolutionGuid = {949D1707-292C-48B1-A66A-48629974DB80}
	EndGlobalSection
EndGlobal
